
Microsoft Visual Studio Solution File, Format Version 12.00
# Visual Studio 14
VisualStudioVersion = 14.0.25420.1
MinimumVisualStudioVersion = 10.0.40219.1
Project("{FAE04EC0-301F-11D3-BF4B-00C04F79EFBC}") = "CodeHealth", "CodeHealth\CodeHealth.csproj", "{BECD505B-60E0-4314-A0AF-F9F408F1A233}"
EndProject
Project("{FAE04EC0-301F-11D3-BF4B-00C04F79EFBC}") = "CodeHealth.Tests", "CodeHealth.Tests\CodeHealth.Tests.csproj", "{307D7A10-FECB-4F1D-8AB0-66BD4CC7D521}"
EndProject
Global
	GlobalSection(SolutionConfigurationPlatforms) = preSolution
		Debug|Any CPU = Debug|Any CPU
		Release|Any CPU = Release|Any CPU
	EndGlobalSection
	GlobalSection(ProjectConfigurationPlatforms) = postSolution
		{BECD505B-60E0-4314-A0AF-F9F408F1A233}.Debug|Any CPU.ActiveCfg = Debug|Any CPU
		{BECD505B-60E0-4314-A0AF-F9F408F1A233}.Debug|Any CPU.Build.0 = Debug|Any CPU
		{BECD505B-60E0-4314-A0AF-F9F408F1A233}.Release|Any CPU.ActiveCfg = Release|Any CPU
		{BECD505B-60E0-4314-A0AF-F9F408F1A233}.Release|Any CPU.Build.0 = Release|Any CPU
		{307D7A10-FECB-4F1D-8AB0-66BD4CC7D521}.Debug|Any CPU.ActiveCfg = Debug|Any CPU
		{307D7A10-FECB-4F1D-8AB0-66BD4CC7D521}.Debug|Any CPU.Build.0 = Debug|Any CPU
		{307D7A10-FECB-4F1D-8AB0-66BD4CC7D521}.Release|Any CPU.ActiveCfg = Release|Any CPU
		{307D7A10-FECB-4F1D-8AB0-66BD4CC7D521}.Release|Any CPU.Build.0 = Release|Any CPU
	EndGlobalSection
	GlobalSection(SolutionProperties) = preSolution
		HideSolutionNode = FALSE
	EndGlobalSection
EndGlobal
